
Microsoft Visual Studio Solution File, Format Version 12.00
# Visual Studio 15
VisualStudioVersion = 15.0.27004.2009
MinimumVisualStudioVersion = 10.0.40219.1
Project("{FAE04EC0-301F-11D3-BF4B-00C04F79EFBC}") = "ResourceMonitor", "ResourceMonitor\ResourceMonitor.csproj", "{AC3DB742-F11B-41BD-A2C4-1501A39288E4}"
EndProject
Project("{54435603-DBB4-11D2-8724-00A0C9A8B90C}") = "ResourceMonitor Installer", "ResourceMonitor Installer\ResourceMonitor Installer.vdproj", "{0A8B2A22-034B-4E3D-BA0E-5A98F65B458E}"
EndProject
Global
	GlobalSection(SolutionConfigurationPlatforms) = preSolution
		Debug|Any CPU = Debug|Any CPU
		Release|Any CPU = Release|Any CPU
	EndGlobalSection
	GlobalSection(ProjectConfigurationPlatforms) = postSolution
		{AC3DB742-F11B-41BD-A2C4-1501A39288E4}.Debug|Any CPU.ActiveCfg = Debug|Any CPU
		{AC3DB742-F11B-41BD-A2C4-1501A39288E4}.Debug|Any CPU.Build.0 = Debug|Any CPU
		{AC3DB742-F11B-41BD-A2C4-1501A39288E4}.Release|Any CPU.ActiveCfg = Release|Any CPU
		{AC3DB742-F11B-41BD-A2C4-1501A39288E4}.Release|Any CPU.Build.0 = Release|Any CPU
		{0A8B2A22-034B-4E3D-BA0E-5A98F65B458E}.Debug|Any CPU.ActiveCfg = Debug
		{0A8B2A22-034B-4E3D-BA0E-5A98F65B458E}.Release|Any CPU.ActiveCfg = Release
	EndGlobalSection
	GlobalSection(SolutionProperties) = preSolution
		HideSolutionNode = FALSE
	EndGlobalSection
	GlobalSection(ExtensibilityGlobals) = postSolution
		SolutionGuid = {B77B8A28-8AF7-4968-B69E-F8BEC0207D8F}
	EndGlobalSection
EndGlobal
